
Microsoft Visual Studio Solution File, Format Version 12.00
# Visual Studio Version 17
VisualStudioVersion = 17.13.35919.96
MinimumVisualStudioVersion = 10.0.40219.1
Project("{FAE04EC0-301F-11D3-BF4B-00C04F79EFBC}") = "OSCSequencer", "OSCSequencer\OSCSequencer.csproj", "{740F81C8-F3CE-D881-4620-CBD0C4524292}"
EndProject
Global
	GlobalSection(SolutionConfigurationPlatforms) = preSolution
		Debug|Any CPU = Debug|Any CPU
		Release|Any CPU = Release|Any CPU
	EndGlobalSection
	GlobalSection(ProjectConfigurationPlatforms) = postSolution
		{740F81C8-F3CE-D881-4620-CBD0C4524292}.Debug|Any CPU.ActiveCfg = Debug|Any CPU
		{740F81C8-F3CE-D881-4620-CBD0C4524292}.Debug|Any CPU.Build.0 = Debug|Any CPU
		{740F81C8-F3CE-D881-4620-CBD0C4524292}.Release|Any CPU.ActiveCfg = Release|Any CPU
		{740F81C8-F3CE-D881-4620-CBD0C4524292}.Release|Any CPU.Build.0 = Release|Any CPU
	EndGlobalSection
	GlobalSection(SolutionProperties) = preSolution
		HideSolutionNode = FALSE
	EndGlobalSection
	GlobalSection(ExtensibilityGlobals) = postSolution
		SolutionGuid = {88863339-605A-4940-B1D0-212676DB52FC}
	EndGlobalSection
EndGlobal
